
Microsoft Visual Studio Solution File, Format Version 11.00
# Visual Studio 2010
Project("{FAE04EC0-301F-11D3-BF4B-00C04F79EFBC}") = "MyFirstMVC", "MyFirstMVC\MyFirstMVC.csproj", "{C9F387D6-A29B-46DD-886F-C43DE76AD4CE}"
EndProject
Global
	GlobalSection(SolutionConfigurationPlatforms) = preSolution
		Debug|Any CPU = Debug|Any CPU
		Release|Any CPU = Release|Any CPU
	EndGlobalSection
	GlobalSection(ProjectConfigurationPlatforms) = postSolution
		{C9F387D6-A29B-46DD-886F-C43DE76AD4CE}.Debug|Any CPU.ActiveCfg = Debug|Any CPU
		{C9F387D6-A29B-46DD-886F-C43DE76AD4CE}.Debug|Any CPU.Build.0 = Debug|Any CPU
		{C9F387D6-A29B-46DD-886F-C43DE76AD4CE}.Release|Any CPU.ActiveCfg = Release|Any CPU
		{C9F387D6-A29B-46DD-886F-C43DE76AD4CE}.Release|Any CPU.Build.0 = Release|Any CPU
	EndGlobalSection
	GlobalSection(SolutionProperties) = preSolution
		HideSolutionNode = FALSE
	EndGlobalSection
EndGlobal
